
Microsoft Visual Studio Solution File, Format Version 12.00
# Visual Studio Version 17
VisualStudioVersion = 17.1.32421.90
MinimumVisualStudioVersion = 10.0.40219.1
Project("{FAE04EC0-301F-11D3-BF4B-00C04F79EFBC}") = "WSVenta", "WSVenta\WSVenta.csproj", "{92944607-0462-402D-97D4-6C5239C0E0BC}"
EndProject
Global
	GlobalSection(SolutionConfigurationPlatforms) = preSolution
		Debug|Any CPU = Debug|Any CPU
		Release|Any CPU = Release|Any CPU
	EndGlobalSection
	GlobalSection(ProjectConfigurationPlatforms) = postSolution
		{92944607-0462-402D-97D4-6C5239C0E0BC}.Debug|Any CPU.ActiveCfg = Debug|Any CPU
		{92944607-0462-402D-97D4-6C5239C0E0BC}.Debug|Any CPU.Build.0 = Debug|Any CPU
		{92944607-0462-402D-97D4-6C5239C0E0BC}.Release|Any CPU.ActiveCfg = Release|Any CPU
		{92944607-0462-402D-97D4-6C5239C0E0BC}.Release|Any CPU.Build.0 = Release|Any CPU
	EndGlobalSection
	GlobalSection(SolutionProperties) = preSolution
		HideSolutionNode = FALSE
	EndGlobalSection
	GlobalSection(ExtensibilityGlobals) = postSolution
		SolutionGuid = {A2ACE394-8129-4094-85C0-5BD240B11043}
	EndGlobalSection
EndGlobal
